
Microsoft Visual Studio Solution File, Format Version 12.00
Project("{2150E333-8FDC-42A3-9474-1A3956D46DE8}") = "src", "src", "{350C628F-473A-4D27-AAAF-56071BDA4379}"
EndProject
Project("{2150E333-8FDC-42A3-9474-1A3956D46DE8}") = "Api", "Api", "{F71221ED-3031-4295-B03F-C3E2D5DF5C74}"
EndProject
Project("{2150E333-8FDC-42A3-9474-1A3956D46DE8}") = "Core", "Core", "{7ABE9494-F69F-4C6A-9739-4068E5599368}"
EndProject
Project("{2150E333-8FDC-42A3-9474-1A3956D46DE8}") = "Infrastructure", "Infrastructure", "{3655CE4C-ACDD-4FDE-9BA3-77C13A66B148}"
EndProject
Project("{2150E333-8FDC-42A3-9474-1A3956D46DE8}") = "test", "test", "{FA0ABF0E-827A-4892-855A-71FAB5C74454}"
EndProject
Project("{FAE04EC0-301F-11D3-BF4B-00C04F79EFBC}") = "Stockband.Domain", "Stockband.Domain\Stockband.Domain.csproj", "{44E5C762-F46E-4537-9D88-1DE2802064BD}"
EndProject
Project("{FAE04EC0-301F-11D3-BF4B-00C04F79EFBC}") = "Stockband.Application", "Stockband.Application\Stockband.Application.csproj", "{CB8868E8-3EEB-4783-B34D-46CAF86808F3}"
EndProject
Project("{FAE04EC0-301F-11D3-BF4B-00C04F79EFBC}") = "Stockband.Infrastructure", "Stockband.Infrastructure\Stockband.Infrastructure.csproj", "{8760022C-793B-430E-93CA-36B0FDA8D0BB}"
EndProject
Project("{FAE04EC0-301F-11D3-BF4B-00C04F79EFBC}") = "Stockband.Api", "Stockband.Api\Stockband.Api.csproj", "{254FF858-6346-4A6F-8DE7-AFF6896E8953}"
EndProject
Project("{FAE04EC0-301F-11D3-BF4B-00C04F79EFBC}") = "Stockband.Application.IntegrationTests", "Stockband.Application.IntegrationTests\Stockband.Application.IntegrationTests.csproj", "{029E74AD-EA93-4489-90DD-C569C170DC4A}"
EndProject
Project("{FAE04EC0-301F-11D3-BF4B-00C04F79EFBC}") = "Stockband.Application.UnitTests", "Stockband.Application.UnitTests\Stockband.Application.UnitTests.csproj", "{A305F5B1-7A62-43CE-BF02-7CC910BC6958}"
EndProject
Project("{FAE04EC0-301F-11D3-BF4B-00C04F79EFBC}") = "Stockband.Api.E2E", "Stockband.Api.E2E\Stockband.Api.E2E.csproj", "{6DCD4C14-FE8C-4BDB-87A9-9B544C8DAF76}"
EndProject
Global
	GlobalSection(SolutionConfigurationPlatforms) = preSolution
		Debug|Any CPU = Debug|Any CPU
		Release|Any CPU = Release|Any CPU
	EndGlobalSection
	GlobalSection(NestedProjects) = preSolution
		{F71221ED-3031-4295-B03F-C3E2D5DF5C74} = {350C628F-473A-4D27-AAAF-56071BDA4379}
		{7ABE9494-F69F-4C6A-9739-4068E5599368} = {350C628F-473A-4D27-AAAF-56071BDA4379}
		{3655CE4C-ACDD-4FDE-9BA3-77C13A66B148} = {350C628F-473A-4D27-AAAF-56071BDA4379}
		{44E5C762-F46E-4537-9D88-1DE2802064BD} = {7ABE9494-F69F-4C6A-9739-4068E5599368}
		{CB8868E8-3EEB-4783-B34D-46CAF86808F3} = {7ABE9494-F69F-4C6A-9739-4068E5599368}
		{8760022C-793B-430E-93CA-36B0FDA8D0BB} = {3655CE4C-ACDD-4FDE-9BA3-77C13A66B148}
		{254FF858-6346-4A6F-8DE7-AFF6896E8953} = {F71221ED-3031-4295-B03F-C3E2D5DF5C74}
		{029E74AD-EA93-4489-90DD-C569C170DC4A} = {FA0ABF0E-827A-4892-855A-71FAB5C74454}
		{A305F5B1-7A62-43CE-BF02-7CC910BC6958} = {FA0ABF0E-827A-4892-855A-71FAB5C74454}
		{6DCD4C14-FE8C-4BDB-87A9-9B544C8DAF76} = {FA0ABF0E-827A-4892-855A-71FAB5C74454}
	EndGlobalSection
	GlobalSection(ProjectConfigurationPlatforms) = postSolution
		{44E5C762-F46E-4537-9D88-1DE2802064BD}.Debug|Any CPU.ActiveCfg = Debug|Any CPU
		{44E5C762-F46E-4537-9D88-1DE2802064BD}.Debug|Any CPU.Build.0 = Debug|Any CPU
		{44E5C762-F46E-4537-9D88-1DE2802064BD}.Release|Any CPU.ActiveCfg = Release|Any CPU
		{44E5C762-F46E-4537-9D88-1DE2802064BD}.Release|Any CPU.Build.0 = Release|Any CPU
		{CB8868E8-3EEB-4783-B34D-46CAF86808F3}.Debug|Any CPU.ActiveCfg = Debug|Any CPU
		{CB8868E8-3EEB-4783-B34D-46CAF86808F3}.Debug|Any CPU.Build.0 = Debug|Any CPU
		{CB8868E8-3EEB-4783-B34D-46CAF86808F3}.Release|Any CPU.ActiveCfg = Release|Any CPU
		{CB8868E8-3EEB-4783-B34D-46CAF86808F3}.Release|Any CPU.Build.0 = Release|Any CPU
		{8760022C-793B-430E-93CA-36B0FDA8D0BB}.Debug|Any CPU.ActiveCfg = Debug|Any CPU
		{8760022C-793B-430E-93CA-36B0FDA8D0BB}.Debug|Any CPU.Build.0 = Debug|Any CPU
		{8760022C-793B-430E-93CA-36B0FDA8D0BB}.Release|Any CPU.ActiveCfg = Release|Any CPU
		{8760022C-793B-430E-93CA-36B0FDA8D0BB}.Release|Any CPU.Build.0 = Release|Any CPU
		{254FF858-6346-4A6F-8DE7-AFF6896E8953}.Debug|Any CPU.ActiveCfg = Debug|Any CPU
		{254FF858-6346-4A6F-8DE7-AFF6896E8953}.Debug|Any CPU.Build.0 = Debug|Any CPU
		{254FF858-6346-4A6F-8DE7-AFF6896E8953}.Release|Any CPU.ActiveCfg = Release|Any CPU
		{254FF858-6346-4A6F-8DE7-AFF6896E8953}.Release|Any CPU.Build.0 = Release|Any CPU
		{029E74AD-EA93-4489-90DD-C569C170DC4A}.Debug|Any CPU.ActiveCfg = Debug|Any CPU
		{029E74AD-EA93-4489-90DD-C569C170DC4A}.Debug|Any CPU.Build.0 = Debug|Any CPU
		{029E74AD-EA93-4489-90DD-C569C170DC4A}.Release|Any CPU.ActiveCfg = Release|Any CPU
		{029E74AD-EA93-4489-90DD-C569C170DC4A}.Release|Any CPU.Build.0 = Release|Any CPU
		{A305F5B1-7A62-43CE-BF02-7CC910BC6958}.Debug|Any CPU.ActiveCfg = Debug|Any CPU
		{A305F5B1-7A62-43CE-BF02-7CC910BC6958}.Debug|Any CPU.Build.0 = Debug|Any CPU
		{A305F5B1-7A62-43CE-BF02-7CC910BC6958}.Release|Any CPU.ActiveCfg = Release|Any CPU
		{A305F5B1-7A62-43CE-BF02-7CC910BC6958}.Release|Any CPU.Build.0 = Release|Any CPU
		{6DCD4C14-FE8C-4BDB-87A9-9B544C8DAF76}.Debug|Any CPU.ActiveCfg = Debug|Any CPU
		{6DCD4C14-FE8C-4BDB-87A9-9B544C8DAF76}.Debug|Any CPU.Build.0 = Debug|Any CPU
		{6DCD4C14-FE8C-4BDB-87A9-9B544C8DAF76}.Release|Any CPU.ActiveCfg = Release|Any CPU
		{6DCD4C14-FE8C-4BDB-87A9-9B544C8DAF76}.Release|Any CPU.Build.0 = Release|Any CPU
	EndGlobalSection
EndGlobal

